{
    "_meta": {
        "hash": {
            "sha256": "88802c4c626c7651b90ecf816ee8eec862f4a8f19d7aaccf1f59c517ee7f383f"
        },
        "host-environment-markers": {
            "implementation_name": "cpython",
            "implementation_version": "3.5.2",
            "os_name": "posix",
            "platform_machine": "x86_64",
            "platform_python_implementation": "CPython",
            "platform_release": "4.13.0-41-generic",
            "platform_system": "Linux",
            "platform_version": "#46~16.04.1-Ubuntu SMP Thu May 3 10:06:43 UTC 2018",
            "python_full_version": "3.5.2",
            "python_version": "3.5",
            "sys_platform": "linux"
        },
        "pipfile-spec": 6,
        "requires": {},
        "sources": [
            {
                "name": "pypi",
                "url": "https://pypi.python.org/simple",
                "verify_ssl": true
            }
        ]
    },
    "default": {
        "semantic-version": {
            "hashes": [
                "sha256:2d06ab7372034bcb8b54f2205370f4aa0643c133b7e6dbd129c5200b83ab394b",
                "sha256:2a4328680073e9b243667b201119772aefc5fc63ae32398d6afafff07c4f54c0"
            ],
            "version": "==2.6.0"
        },
        "setuptools-rust": {
            "hashes": [
                "sha256:eb6c136a247eeba2f7897b1fd40b5b1258918665000a44fca58a326435b8effd",
                "sha256:3a7de7653bcc73a8dd6ee3d6abcf43fc8a44f50a05e5187cdefe49d3e07f22ad"
            ],
            "version": "==0.9.2"
        }
    },
    "develop": {}
}
